
Microsoft Visual Studio Solution File, Format Version 12.00
# Visual Studio Version 17
VisualStudioVersion = 17.8.34316.72
MinimumVisualStudioVersion = 10.0.40219.1
Project("{8BC9CEB8-8B4A-11D0-8D11-00A0C91BC942}") = "jeu_poulpe", "jeu_poulpe\jeu_poulpe.vcxproj", "{A792590A-C36D-4C2B-87F4-C7DDF3054C40}"
EndProject
Global
	GlobalSection(SolutionConfigurationPlatforms) = preSolution
		Debug|x64 = Debug|x64
		Debug|x86 = Debug|x86
		Release|x64 = Release|x64
		Release|x86 = Release|x86
	EndGlobalSection
	GlobalSection(ProjectConfigurationPlatforms) = postSolution
		{A792590A-C36D-4C2B-87F4-C7DDF3054C40}.Debug|x64.ActiveCfg = Debug|x64
		{A792590A-C36D-4C2B-87F4-C7DDF3054C40}.Debug|x64.Build.0 = Debug|x64
		{A792590A-C36D-4C2B-87F4-C7DDF3054C40}.Debug|x86.ActiveCfg = Debug|Win32
		{A792590A-C36D-4C2B-87F4-C7DDF3054C40}.Debug|x86.Build.0 = Debug|Win32
		{A792590A-C36D-4C2B-87F4-C7DDF3054C40}.Release|x64.ActiveCfg = Release|x64
		{A792590A-C36D-4C2B-87F4-C7DDF3054C40}.Release|x64.Build.0 = Release|x64
		{A792590A-C36D-4C2B-87F4-C7DDF3054C40}.Release|x86.ActiveCfg = Release|Win32
		{A792590A-C36D-4C2B-87F4-C7DDF3054C40}.Release|x86.Build.0 = Release|Win32
	EndGlobalSection
	GlobalSection(SolutionProperties) = preSolution
		HideSolutionNode = FALSE
	EndGlobalSection
	GlobalSection(ExtensibilityGlobals) = postSolution
		SolutionGuid = {7FF715C7-FE07-44FB-975A-075BE4C56884}
	EndGlobalSection
EndGlobal
